// !$*UTF8*$!
{
	archiveVersion = 1;
	classes = {
	};
	objectVersion = 56;
	objects = {

/* Begin PBXBuildFile section */
		2B08E5C82B8F2CFE00DDDFF8 /* DemoListViewController.swift in Sources */ = {isa = PBXBuildFile; fileRef = 2B08E5C72B8F2CFE00DDDFF8 /* DemoListViewController.swift */; };
		2B08E5CB2B8F2D3800DDDFF8 /* DemoListViewModel.swift in Sources */ = {isa = PBXBuildFile; fileRef = 2B08E5CA2B8F2D3800DDDFF8 /* DemoListViewModel.swift */; };
		2B08E5CD2B8F2D5100DDDFF8 /* DemoItemModel.swift in Sources */ = {isa = PBXBuildFile; fileRef = 2B08E5CC2B8F2D5100DDDFF8 /* DemoItemModel.swift */; };
		2B08E5D02B8F303500DDDFF8 /* FlowLayoutViewController.swift in Sources */ = {isa = PBXBuildFile; fileRef = 2B08E5CF2B8F303500DDDFF8 /* FlowLayoutViewController.swift */; };
		2B08E5D32B8F31BD00DDDFF8 /* NSObject+extension.swift in Sources */ = {isa = PBXBuildFile; fileRef = 2B08E5D22B8F31BD00DDDFF8 /* NSObject+extension.swift */; };
		2B08E5D52B8F350000DDDFF8 /* UIApplication+extension.swift in Sources */ = {isa = PBXBuildFile; fileRef = 2B08E5D42B8F350000DDDFF8 /* UIApplication+extension.swift */; };
		2B08E5D72B8F387700DDDFF8 /* Array+extension.swift in Sources */ = {isa = PBXBuildFile; fileRef = 2B08E5D62B8F387700DDDFF8 /* Array+extension.swift */; };
		2B08E5D92B902EFD00DDDFF8 /* ZHTopBar.swift in Sources */ = {isa = PBXBuildFile; fileRef = 2B08E5D82B902EFD00DDDFF8 /* ZHTopBar.swift */; };
		2B4E11922B8870A600FBE93B /* MainTabItem.swift in Sources */ = {isa = PBXBuildFile; fileRef = 2B4E11912B8870A600FBE93B /* MainTabItem.swift */; };
		2B4E136B2B8871E100FBE93B /* MainTabBar.swift in Sources */ = {isa = PBXBuildFile; fileRef = 2B4E136A2B8871E100FBE93B /* MainTabBar.swift */; };
		2B4E136D2B8872A800FBE93B /* MainTabButton.swift in Sources */ = {isa = PBXBuildFile; fileRef = 2B4E136C2B8872A800FBE93B /* MainTabButton.swift */; };
		2B4E136F2B8885B900FBE93B /* GlobalVariable  .swift in Sources */ = {isa = PBXBuildFile; fileRef = 2B4E136E2B8885B900FBE93B /* GlobalVariable  .swift */; };
		2B65E1372B86F5C900C8532B /* AppDelegate.swift in Sources */ = {isa = PBXBuildFile; fileRef = 2B65E1362B86F5C900C8532B /* AppDelegate.swift */; };
		2B65E1392B86F5C900C8532B /* SceneDelegate.swift in Sources */ = {isa = PBXBuildFile; fileRef = 2B65E1382B86F5C900C8532B /* SceneDelegate.swift */; };
		2B65E1402B86F5CA00C8532B /* Assets.xcassets in Resources */ = {isa = PBXBuildFile; fileRef = 2B65E13F2B86F5CA00C8532B /* Assets.xcassets */; };
		2B65E1432B86F5CA00C8532B /* LaunchScreen.storyboard in Resources */ = {isa = PBXBuildFile; fileRef = 2B65E1412B86F5CA00C8532B /* LaunchScreen.storyboard */; };
		2B65E14D2B86F7C500C8532B /* MainTabBarController.swift in Sources */ = {isa = PBXBuildFile; fileRef = 2B65E14C2B86F7C500C8532B /* MainTabBarController.swift */; };
		2B65E1502B86F7CC00C8532B /* ZHNavigationController.swift in Sources */ = {isa = PBXBuildFile; fileRef = 2B65E14F2B86F7CC00C8532B /* ZHNavigationController.swift */; };
		7C8973B5C4B976B0CD0C1D34 /* Pods_CartonAssistant.framework in Frameworks */ = {isa = PBXBuildFile; fileRef = AB0C107D894390813E073264 /* Pods_CartonAssistant.framework */; };
/* End PBXBuildFile section */

/* Begin PBXFileReference section */
		051C05C5A149DF58FCF3C8F9 /* Pods-CartonAssistant.debug.xcconfig */ = {isa = PBXFileReference; includeInIndex = 1; lastKnownFileType = text.xcconfig; name = "Pods-CartonAssistant.debug.xcconfig"; path = "Target Support Files/Pods-CartonAssistant/Pods-CartonAssistant.debug.xcconfig"; sourceTree = "<group>"; };
		2B08E5C72B8F2CFE00DDDFF8 /* DemoListViewController.swift */ = {isa = PBXFileReference; lastKnownFileType = sourcecode.swift; path = DemoListViewController.swift; sourceTree = "<group>"; };
		2B08E5CA2B8F2D3800DDDFF8 /* DemoListViewModel.swift */ = {isa = PBXFileReference; lastKnownFileType = sourcecode.swift; path = DemoListViewModel.swift; sourceTree = "<group>"; };
		2B08E5CC2B8F2D5100DDDFF8 /* DemoItemModel.swift */ = {isa = PBXFileReference; lastKnownFileType = sourcecode.swift; path = DemoItemModel.swift; sourceTree = "<group>"; };
		2B08E5CF2B8F303500DDDFF8 /* FlowLayoutViewController.swift */ = {isa = PBXFileReference; lastKnownFileType = sourcecode.swift; path = FlowLayoutViewController.swift; sourceTree = "<group>"; };
		2B08E5D22B8F31BD00DDDFF8 /* NSObject+extension.swift */ = {isa = PBXFileReference; lastKnownFileType = sourcecode.swift; path = "NSObject+extension.swift"; sourceTree = "<group>"; };
		2B08E5D42B8F350000DDDFF8 /* UIApplication+extension.swift */ = {isa = PBXFileReference; lastKnownFileType = sourcecode.swift; path = "UIApplication+extension.swift"; sourceTree = "<group>"; };
		2B08E5D62B8F387700DDDFF8 /* Array+extension.swift */ = {isa = PBXFileReference; lastKnownFileType = sourcecode.swift; path = "Array+extension.swift"; sourceTree = "<group>"; };
		2B08E5D82B902EFD00DDDFF8 /* ZHTopBar.swift */ = {isa = PBXFileReference; lastKnownFileType = sourcecode.swift; path = ZHTopBar.swift; sourceTree = "<group>"; };
		2B4E11912B8870A600FBE93B /* MainTabItem.swift */ = {isa = PBXFileReference; lastKnownFileType = sourcecode.swift; path = MainTabItem.swift; sourceTree = "<group>"; };
		2B4E136A2B8871E100FBE93B /* MainTabBar.swift */ = {isa = PBXFileReference; lastKnownFileType = sourcecode.swift; path = MainTabBar.swift; sourceTree = "<group>"; };
		2B4E136C2B8872A800FBE93B /* MainTabButton.swift */ = {isa = PBXFileReference; lastKnownFileType = sourcecode.swift; path = MainTabButton.swift; sourceTree = "<group>"; };
		2B4E136E2B8885B900FBE93B /* GlobalVariable  .swift */ = {isa = PBXFileReference; lastKnownFileType = sourcecode.swift; path = "GlobalVariable  .swift"; sourceTree = "<group>"; };
		2B65E1332B86F5C900C8532B /* CartonAssistant.app */ = {isa = PBXFileReference; explicitFileType = wrapper.application; includeInIndex = 0; path = CartonAssistant.app; sourceTree = BUILT_PRODUCTS_DIR; };
		2B65E1362B86F5C900C8532B /* AppDelegate.swift */ = {isa = PBXFileReference; lastKnownFileType = sourcecode.swift; path = AppDelegate.swift; sourceTree = "<group>"; };
		2B65E1382B86F5C900C8532B /* SceneDelegate.swift */ = {isa = PBXFileReference; lastKnownFileType = sourcecode.swift; path = SceneDelegate.swift; sourceTree = "<group>"; };
		2B65E13F2B86F5CA00C8532B /* Assets.xcassets */ = {isa = PBXFileReference; lastKnownFileType = folder.assetcatalog; path = Assets.xcassets; sourceTree = "<group>"; };
		2B65E1422B86F5CA00C8532B /* Base */ = {isa = PBXFileReference; lastKnownFileType = file.storyboard; name = Base; path = Base.lproj/LaunchScreen.storyboard; sourceTree = "<group>"; };
		2B65E1442B86F5CA00C8532B /* Info.plist */ = {isa = PBXFileReference; lastKnownFileType = text.plist.xml; path = Info.plist; sourceTree = "<group>"; };
		2B65E14C2B86F7C500C8532B /* MainTabBarController.swift */ = {isa = PBXFileReference; fileEncoding = 4; lastKnownFileType = sourcecode.swift; path = MainTabBarController.swift; sourceTree = "<group>"; };
		2B65E14F2B86F7CC00C8532B /* ZHNavigationController.swift */ = {isa = PBXFileReference; fileEncoding = 4; lastKnownFileType = sourcecode.swift; path = ZHNavigationController.swift; sourceTree = "<group>"; };
		377BC1D425CEBB9F4BB9B2BF /* Pods-CartonAssistant.release.xcconfig */ = {isa = PBXFileReference; includeInIndex = 1; lastKnownFileType = text.xcconfig; name = "Pods-CartonAssistant.release.xcconfig"; path = "Target Support Files/Pods-CartonAssistant/Pods-CartonAssistant.release.xcconfig"; sourceTree = "<group>"; };
		AB0C107D894390813E073264 /* Pods_CartonAssistant.framework */ = {isa = PBXFileReference; explicitFileType = wrapper.framework; includeInIndex = 0; path = Pods_CartonAssistant.framework; sourceTree = BUILT_PRODUCTS_DIR; };
/* End PBXFileReference section */

/* Begin PBXFrameworksBuildPhase section */
		2B65E1302B86F5C900C8532B /* Frameworks */ = {
			isa = PBXFrameworksBuildPhase;
			buildActionMask = 2147483647;
			files = (
				7C8973B5C4B976B0CD0C1D34 /* Pods_CartonAssistant.framework in Frameworks */,
			);
			runOnlyForDeploymentPostprocessing = 0;
		};
/* End PBXFrameworksBuildPhase section */

/* Begin PBXGroup section */
		0C9F672A93541AD16152266D /* Frameworks */ = {
			isa = PBXGroup;
			children = (
				AB0C107D894390813E073264 /* Pods_CartonAssistant.framework */,
			);
			name = Frameworks;
			sourceTree = "<group>";
		};
		2B08E5C92B8F2D1B00DDDFF8 /* DemoList */ = {
			isa = PBXGroup;
			children = (
				2B08E5C72B8F2CFE00DDDFF8 /* DemoListViewController.swift */,
				2B08E5CA2B8F2D3800DDDFF8 /* DemoListViewModel.swift */,
				2B08E5CC2B8F2D5100DDDFF8 /* DemoItemModel.swift */,
			);
			path = DemoList;
			sourceTree = "<group>";
		};
		2B08E5CE2B8F301800DDDFF8 /* FlowLayout */ = {
			isa = PBXGroup;
			children = (
				2B08E5CF2B8F303500DDDFF8 /* FlowLayoutViewController.swift */,
			);
			path = FlowLayout;
			sourceTree = "<group>";
		};
		2B08E5D12B8F30C800DDDFF8 /* ZHFoundation */ = {
			isa = PBXGroup;
			children = (
				2B08E5D22B8F31BD00DDDFF8 /* NSObject+extension.swift */,
				2B08E5D62B8F387700DDDFF8 /* Array+extension.swift */,
			);
			path = ZHFoundation;
			sourceTree = "<group>";
		};
		2B4E11902B886E8D00FBE93B /* ZHDemo */ = {
			isa = PBXGroup;
			children = (
				2B08E5CE2B8F301800DDDFF8 /* FlowLayout */,
				2B08E5C92B8F2D1B00DDDFF8 /* DemoList */,
			);
			path = ZHDemo;
			sourceTree = "<group>";
		};
		2B65E12A2B86F5C900C8532B = {
			isa = PBXGroup;
			children = (
				2B65E1352B86F5C900C8532B /* CartonAssistant */,
				2B65E1342B86F5C900C8532B /* Products */,
				DAAAD24B470066EEA356C159 /* Pods */,
				0C9F672A93541AD16152266D /* Frameworks */,
			);
			sourceTree = "<group>";
		};
		2B65E1342B86F5C900C8532B /* Products */ = {
			isa = PBXGroup;
			children = (
				2B65E1332B86F5C900C8532B /* CartonAssistant.app */,
			);
			name = Products;
			sourceTree = "<group>";
		};
		2B65E1352B86F5C900C8532B /* CartonAssistant */ = {
			isa = PBXGroup;
			children = (
				2B08E5D12B8F30C800DDDFF8 /* ZHFoundation */,
				2B65E1362B86F5C900C8532B /* AppDelegate.swift */,
				2B65E1382B86F5C900C8532B /* SceneDelegate.swift */,
				2B4E11902B886E8D00FBE93B /* ZHDemo */,
				2B65E14E2B86F7CC00C8532B /* ZHUIKit */,
				2B65E14A2B86F7C500C8532B /* ZHMain */,
				2B65E13F2B86F5CA00C8532B /* Assets.xcassets */,
				2B65E1412B86F5CA00C8532B /* LaunchScreen.storyboard */,
				2B65E1442B86F5CA00C8532B /* Info.plist */,
			);
			path = CartonAssistant;
			sourceTree = "<group>";
		};
		2B65E14A2B86F7C500C8532B /* ZHMain */ = {
			isa = PBXGroup;
			children = (
				2B65E14B2B86F7C500C8532B /* MainTabBar */,
			);
			path = ZHMain;
			sourceTree = "<group>";
		};
		2B65E14B2B86F7C500C8532B /* MainTabBar */ = {
			isa = PBXGroup;
			children = (
				2B65E14C2B86F7C500C8532B /* MainTabBarController.swift */,
				2B4E11912B8870A600FBE93B /* MainTabItem.swift */,
				2B4E136A2B8871E100FBE93B /* MainTabBar.swift */,
				2B4E136C2B8872A800FBE93B /* MainTabButton.swift */,
			);
			path = MainTabBar;
			sourceTree = "<group>";
		};
		2B65E14E2B86F7CC00C8532B /* ZHUIKit */ = {
			isa = PBXGroup;
			children = (
				2B65E14F2B86F7CC00C8532B /* ZHNavigationController.swift */,
				2B4E136E2B8885B900FBE93B /* GlobalVariable  .swift */,
				2B08E5D42B8F350000DDDFF8 /* UIApplication+extension.swift */,
				2B08E5D82B902EFD00DDDFF8 /* ZHTopBar.swift */,
			);
			path = ZHUIKit;
			sourceTree = "<group>";
		};
		DAAAD24B470066EEA356C159 /* Pods */ = {
			isa = PBXGroup;
			children = (
				051C05C5A149DF58FCF3C8F9 /* Pods-CartonAssistant.debug.xcconfig */,
				377BC1D425CEBB9F4BB9B2BF /* Pods-CartonAssistant.release.xcconfig */,
			);
			path = Pods;
			sourceTree = "<group>";
		};
/* End PBXGroup section */

/* Begin PBXNativeTarget section */
		2B65E1322B86F5C900C8532B /* CartonAssistant */ = {
			isa = PBXNativeTarget;
			buildConfigurationList = 2B65E1472B86F5CA00C8532B /* Build configuration list for PBXNativeTarget "CartonAssistant" */;
			buildPhases = (
				9E9C64CCFBBFE439136B56AB /* [CP] Check Pods Manifest.lock */,
				2B65E12F2B86F5C900C8532B /* Sources */,
				2B65E1302B86F5C900C8532B /* Frameworks */,
				2B65E1312B86F5C900C8532B /* Resources */,
				597EA90D5C4792EA36A95B63 /* [CP] Embed Pods Frameworks */,
			);
			buildRules = (
			);
			dependencies = (
			);
			name = CartonAssistant;
			productName = CartonAssistant;
			productReference = 2B65E1332B86F5C900C8532B /* CartonAssistant.app */;
			productType = "com.apple.product-type.application";
		};
/* End PBXNativeTarget section */

/* Begin PBXProject section */
		2B65E12B2B86F5C900C8532B /* Project object */ = {
			isa = PBXProject;
			attributes = {
				BuildIndependentTargetsInParallel = 1;
				LastSwiftUpdateCheck = 1500;
				LastUpgradeCheck = 1500;
				TargetAttributes = {
					2B65E1322B86F5C900C8532B = {
						CreatedOnToolsVersion = 15.0.1;
					};
				};
			};
			buildConfigurationList = 2B65E12E2B86F5C900C8532B /* Build configuration list for PBXProject "CartonAssistant" */;
			compatibilityVersion = "Xcode 14.0";
			developmentRegion = en;
			hasScannedForEncodings = 0;
			knownRegions = (
				en,
				Base,
			);
			mainGroup = 2B65E12A2B86F5C900C8532B;
			productRefGroup = 2B65E1342B86F5C900C8532B /* Products */;
			projectDirPath = "";
			projectRoot = "";
			targets = (
				2B65E1322B86F5C900C8532B /* CartonAssistant */,
			);
		};
/* End PBXProject section */

/* Begin PBXResourcesBuildPhase section */
		2B65E1312B86F5C900C8532B /* Resources */ = {
			isa = PBXResourcesBuildPhase;
			buildActionMask = 2147483647;
			files = (
				2B65E1432B86F5CA00C8532B /* LaunchScreen.storyboard in Resources */,
				2B65E1402B86F5CA00C8532B /* Assets.xcassets in Resources */,
			);
			runOnlyForDeploymentPostprocessing = 0;
		};
/* End PBXResourcesBuildPhase section */

/* Begin PBXShellScriptBuildPhase section */
		597EA90D5C4792EA36A95B63 /* [CP] Embed Pods Frameworks */ = {
			isa = PBXShellScriptBuildPhase;
			buildActionMask = 2147483647;
			files = (
			);
			inputFileListPaths = (
				"${PODS_ROOT}/Target Support Files/Pods-CartonAssistant/Pods-CartonAssistant-frameworks-${CONFIGURATION}-input-files.xcfilelist",
			);
			name = "[CP] Embed Pods Frameworks";
			outputFileListPaths = (
				"${PODS_ROOT}/Target Support Files/Pods-CartonAssistant/Pods-CartonAssistant-frameworks-${CONFIGURATION}-output-files.xcfilelist",
			);
			runOnlyForDeploymentPostprocessing = 0;
			shellPath = /bin/sh;
			shellScript = "\"${PODS_ROOT}/Target Support Files/Pods-CartonAssistant/Pods-CartonAssistant-frameworks.sh\"\n";
			showEnvVarsInLog = 0;
		};
		9E9C64CCFBBFE439136B56AB /* [CP] Check Pods Manifest.lock */ = {
			isa = PBXShellScriptBuildPhase;
			buildActionMask = 2147483647;
			files = (
			);
			inputFileListPaths = (
			);
			inputPaths = (
				"${PODS_PODFILE_DIR_PATH}/Podfile.lock",
				"${PODS_ROOT}/Manifest.lock",
			);
			name = "[CP] Check Pods Manifest.lock";
			outputFileListPaths = (
			);
			outputPaths = (
				"$(DERIVED_FILE_DIR)/Pods-CartonAssistant-checkManifestLockResult.txt",
			);
			runOnlyForDeploymentPostprocessing = 0;
			shellPath = /bin/sh;
			shellScript = "diff \"${PODS_PODFILE_DIR_PATH}/Podfile.lock\" \"${PODS_ROOT}/Manifest.lock\" > /dev/null\nif [ $? != 0 ] ; then\n    # print error to STDERR\n    echo \"error: The sandbox is not in sync with the Podfile.lock. Run 'pod install' or update your CocoaPods installation.\" >&2\n    exit 1\nfi\n# This output is used by Xcode 'outputs' to avoid re-running this script phase.\necho \"SUCCESS\" > \"${SCRIPT_OUTPUT_FILE_0}\"\n";
			showEnvVarsInLog = 0;
		};
/* End PBXShellScriptBuildPhase section */

/* Begin PBXSourcesBuildPhase section */
		2B65E12F2B86F5C900C8532B /* Sources */ = {
			isa = PBXSourcesBuildPhase;
			buildActionMask = 2147483647;
			files = (
				2B08E5D02B8F303500DDDFF8 /* FlowLayoutViewController.swift in Sources */,
				2B4E136F2B8885B900FBE93B /* GlobalVariable  .swift in Sources */,
				2B08E5C82B8F2CFE00DDDFF8 /* DemoListViewController.swift in Sources */,
				2B08E5D92B902EFD00DDDFF8 /* ZHTopBar.swift in Sources */,
				2B08E5CB2B8F2D3800DDDFF8 /* DemoListViewModel.swift in Sources */,
				2B08E5CD2B8F2D5100DDDFF8 /* DemoItemModel.swift in Sources */,
				2B4E11922B8870A600FBE93B /* MainTabItem.swift in Sources */,
				2B4E136B2B8871E100FBE93B /* MainTabBar.swift in Sources */,
				2B65E1372B86F5C900C8532B /* AppDelegate.swift in Sources */,
				2B65E14D2B86F7C500C8532B /* MainTabBarController.swift in Sources */,
				2B65E1502B86F7CC00C8532B /* ZHNavigationController.swift in Sources */,
				2B08E5D52B8F350000DDDFF8 /* UIApplication+extension.swift in Sources */,
				2B08E5D32B8F31BD00DDDFF8 /* NSObject+extension.swift in Sources */,
				2B08E5D72B8F387700DDDFF8 /* Array+extension.swift in Sources */,
				2B4E136D2B8872A800FBE93B /* MainTabButton.swift in Sources */,
				2B65E1392B86F5C900C8532B /* SceneDelegate.swift in Sources */,
			);
			runOnlyForDeploymentPostprocessing = 0;
		};
/* End PBXSourcesBuildPhase section */

/* Begin PBXVariantGroup section */
		2B65E1412B86F5CA00C8532B /* LaunchScreen.storyboard */ = {
			isa = PBXVariantGroup;
			children = (
				2B65E1422B86F5CA00C8532B /* Base */,
			);
			name = LaunchScreen.storyboard;
			sourceTree = "<group>";
		};
/* End PBXVariantGroup section */

/* Begin XCBuildConfiguration section */
		2B65E1452B86F5CA00C8532B /* Debug */ = {
			isa = XCBuildConfiguration;
			buildSettings = {
				ALWAYS_SEARCH_USER_PATHS = NO;
				ASSETCATALOG_COMPILER_GENERATE_SWIFT_ASSET_SYMBOL_EXTENSIONS = YES;
				CLANG_ANALYZER_NONNULL = YES;
				CLANG_ANALYZER_NUMBER_OBJECT_CONVERSION = YES_AGGRESSIVE;
				CLANG_CXX_LANGUAGE_STANDARD = "gnu++20";
				CLANG_ENABLE_MODULES = YES;
				CLANG_ENABLE_OBJC_ARC = YES;
				CLANG_ENABLE_OBJC_WEAK = YES;
				CLANG_WARN_BLOCK_CAPTURE_AUTORELEASING = YES;
				CLANG_WARN_BOOL_CONVERSION = YES;
				CLANG_WARN_COMMA = YES;
				CLANG_WARN_CONSTANT_CONVERSION = YES;
				CLANG_WARN_DEPRECATED_OBJC_IMPLEMENTATIONS = YES;
				CLANG_WARN_DIRECT_OBJC_ISA_USAGE = YES_ERROR;
				CLANG_WARN_DOCUMENTATION_COMMENTS = YES;
				CLANG_WARN_EMPTY_BODY = YES;
				CLANG_WARN_ENUM_CONVERSION = YES;
				CLANG_WARN_INFINITE_RECURSION = YES;
				CLANG_WARN_INT_CONVERSION = YES;
				CLANG_WARN_NON_LITERAL_NULL_CONVERSION = YES;
				CLANG_WARN_OBJC_IMPLICIT_RETAIN_SELF = YES;
				CLANG_WARN_OBJC_LITERAL_CONVERSION = YES;
				CLANG_WARN_OBJC_ROOT_CLASS = YES_ERROR;
				CLANG_WARN_QUOTED_INCLUDE_IN_FRAMEWORK_HEADER = YES;
				CLANG_WARN_RANGE_LOOP_ANALYSIS = YES;
				CLANG_WARN_STRICT_PROTOTYPES = YES;
				CLANG_WARN_SUSPICIOUS_MOVE = YES;
				CLANG_WARN_UNGUARDED_AVAILABILITY = YES_AGGRESSIVE;
				CLANG_WARN_UNREACHABLE_CODE = YES;
				CLANG_WARN__DUPLICATE_METHOD_MATCH = YES;
				COPY_PHASE_STRIP = NO;
				DEBUG_INFORMATION_FORMAT = dwarf;
				ENABLE_STRICT_OBJC_MSGSEND = YES;
				ENABLE_TESTABILITY = YES;
				ENABLE_USER_SCRIPT_SANDBOXING = NO;
				GCC_C_LANGUAGE_STANDARD = gnu17;
				GCC_DYNAMIC_NO_PIC = NO;
				GCC_NO_COMMON_BLOCKS = YES;
				GCC_OPTIMIZATION_LEVEL = 0;
				GCC_PREPROCESSOR_DEFINITIONS = (
					"DEBUG=1",
					"$(inherited)",
				);
				GCC_WARN_64_TO_32_BIT_CONVERSION = YES;
				GCC_WARN_ABOUT_RETURN_TYPE = YES_ERROR;
				GCC_WARN_UNDECLARED_SELECTOR = YES;
				GCC_WARN_UNINITIALIZED_AUTOS = YES_AGGRESSIVE;
				GCC_WARN_UNUSED_FUNCTION = YES;
				GCC_WARN_UNUSED_VARIABLE = YES;
				IPHONEOS_DEPLOYMENT_TARGET = 17.0;
				LOCALIZATION_PREFERS_STRING_CATALOGS = YES;
				MTL_ENABLE_DEBUG_INFO = INCLUDE_SOURCE;
				MTL_FAST_MATH = YES;
				ONLY_ACTIVE_ARCH = YES;
				SDKROOT = iphoneos;
				SWIFT_ACTIVE_COMPILATION_CONDITIONS = "DEBUG $(inherited)";
				SWIFT_OPTIMIZATION_LEVEL = "-Onone";
			};
			name = Debug;
		};
		2B65E1462B86F5CA00C8532B /* Release */ = {
			isa = XCBuildConfiguration;
			buildSettings = {
				ALWAYS_SEARCH_USER_PATHS = NO;
				ASSETCATALOG_COMPILER_GENERATE_SWIFT_ASSET_SYMBOL_EXTENSIONS = YES;
				CLANG_ANALYZER_NONNULL = YES;
				CLANG_ANALYZER_NUMBER_OBJECT_CONVERSION = YES_AGGRESSIVE;
				CLANG_CXX_LANGUAGE_STANDARD = "gnu++20";
				CLANG_ENABLE_MODULES = YES;
				CLANG_ENABLE_OBJC_ARC = YES;
				CLANG_ENABLE_OBJC_WEAK = YES;
				CLANG_WARN_BLOCK_CAPTURE_AUTORELEASING = YES;
				CLANG_WARN_BOOL_CONVERSION = YES;
				CLANG_WARN_COMMA = YES;
				CLANG_WARN_CONSTANT_CONVERSION = YES;
				CLANG_WARN_DEPRECATED_OBJC_IMPLEMENTATIONS = YES;
				CLANG_WARN_DIRECT_OBJC_ISA_USAGE = YES_ERROR;
				CLANG_WARN_DOCUMENTATION_COMMENTS = YES;
				CLANG_WARN_EMPTY_BODY = YES;
				CLANG_WARN_ENUM_CONVERSION = YES;
				CLANG_WARN_INFINITE_RECURSION = YES;
				CLANG_WARN_INT_CONVERSION = YES;
				CLANG_WARN_NON_LITERAL_NULL_CONVERSION = YES;
				CLANG_WARN_OBJC_IMPLICIT_RETAIN_SELF = YES;
				CLANG_WARN_OBJC_LITERAL_CONVERSION = YES;
				CLANG_WARN_OBJC_ROOT_CLASS = YES_ERROR;
				CLANG_WARN_QUOTED_INCLUDE_IN_FRAMEWORK_HEADER = YES;
				CLANG_WARN_RANGE_LOOP_ANALYSIS = YES;
				CLANG_WARN_STRICT_PROTOTYPES = YES;
				CLANG_WARN_SUSPICIOUS_MOVE = YES;
				CLANG_WARN_UNGUARDED_AVAILABILITY = YES_AGGRESSIVE;
				CLANG_WARN_UNREACHABLE_CODE = YES;
				CLANG_WARN__DUPLICATE_METHOD_MATCH = YES;
				COPY_PHASE_STRIP = NO;
				DEBUG_INFORMATION_FORMAT = "dwarf-with-dsym";
				ENABLE_NS_ASSERTIONS = NO;
				ENABLE_STRICT_OBJC_MSGSEND = YES;
				ENABLE_USER_SCRIPT_SANDBOXING = NO;
				GCC_C_LANGUAGE_STANDARD = gnu17;
				GCC_NO_COMMON_BLOCKS = YES;
				GCC_WARN_64_TO_32_BIT_CONVERSION = YES;
				GCC_WARN_ABOUT_RETURN_TYPE = YES_ERROR;
				GCC_WARN_UNDECLARED_SELECTOR = YES;
				GCC_WARN_UNINITIALIZED_AUTOS = YES_AGGRESSIVE;
				GCC_WARN_UNUSED_FUNCTION = YES;
				GCC_WARN_UNUSED_VARIABLE = YES;
				IPHONEOS_DEPLOYMENT_TARGET = 17.0;
				LOCALIZATION_PREFERS_STRING_CATALOGS = YES;
				MTL_ENABLE_DEBUG_INFO = NO;
				MTL_FAST_MATH = YES;
				SDKROOT = iphoneos;
				SWIFT_COMPILATION_MODE = wholemodule;
				VALIDATE_PRODUCT = YES;
			};
			name = Release;
		};
		2B65E1482B86F5CA00C8532B /* Debug */ = {
			isa = XCBuildConfiguration;
			baseConfigurationReference = 051C05C5A149DF58FCF3C8F9 /* Pods-CartonAssistant.debug.xcconfig */;
			buildSettings = {
				ASSETCATALOG_COMPILER_APPICON_NAME = AppIcon;
				ASSETCATALOG_COMPILER_GLOBAL_ACCENT_COLOR_NAME = AccentColor;
				CODE_SIGN_STYLE = Automatic;
				CURRENT_PROJECT_VERSION = 1;
				DEVELOPMENT_TEAM = 2B8HBMZJ8Q;
				GENERATE_INFOPLIST_FILE = YES;
				INFOPLIST_FILE = CartonAssistant/Info.plist;
				INFOPLIST_KEY_UIApplicationSupportsIndirectInputEvents = YES;
				INFOPLIST_KEY_UILaunchStoryboardName = LaunchScreen;
				INFOPLIST_KEY_UIMainStoryboardFile = Main;
				INFOPLIST_KEY_UISupportedInterfaceOrientations_iPad = "UIInterfaceOrientationPortrait UIInterfaceOrientationPortraitUpsideDown UIInterfaceOrientationLandscapeLeft UIInterfaceOrientationLandscapeRight";
				INFOPLIST_KEY_UISupportedInterfaceOrientations_iPhone = "UIInterfaceOrientationPortrait UIInterfaceOrientationLandscapeLeft UIInterfaceOrientationLandscapeRight";
				IPHONEOS_DEPLOYMENT_TARGET = 16.0;
				LD_RUNPATH_SEARCH_PATHS = (
					"$(inherited)",
					"@executable_path/Frameworks",
				);
				MARKETING_VERSION = 1.0;
				PRODUCT_BUNDLE_IDENTIFIER = com.zihean.CartonAssistant;
				PRODUCT_NAME = "$(TARGET_NAME)";
				SWIFT_EMIT_LOC_STRINGS = YES;
				SWIFT_VERSION = 5.0;
				TARGETED_DEVICE_FAMILY = "1,2";
			};
			name = Debug;
		};
		2B65E1492B86F5CA00C8532B /* Release */ = {
			isa = XCBuildConfiguration;
			baseConfigurationReference = 377BC1D425CEBB9F4BB9B2BF /* Pods-CartonAssistant.release.xcconfig */;
			buildSettings = {
				ASSETCATALOG_COMPILER_APPICON_NAME = AppIcon;
				ASSETCATALOG_COMPILER_GLOBAL_ACCENT_COLOR_NAME = AccentColor;
				CODE_SIGN_STYLE = Automatic;
				CURRENT_PROJECT_VERSION = 1;
				DEVELOPMENT_TEAM = 2B8HBMZJ8Q;
				GENERATE_INFOPLIST_FILE = YES;
				INFOPLIST_FILE = CartonAssistant/Info.plist;
				INFOPLIST_KEY_UIApplicationSupportsIndirectInputEvents = YES;
				INFOPLIST_KEY_UILaunchStoryboardName = LaunchScreen;
				INFOPLIST_KEY_UIMainStoryboardFile = Main;
				INFOPLIST_KEY_UISupportedInterfaceOrientations_iPad = "UIInterfaceOrientationPortrait UIInterfaceOrientationPortraitUpsideDown UIInterfaceOrientationLandscapeLeft UIInterfaceOrientationLandscapeRight";
				INFOPLIST_KEY_UISupportedInterfaceOrientations_iPhone = "UIInterfaceOrientationPortrait UIInterfaceOrientationLandscapeLeft UIInterfaceOrientationLandscapeRight";
				IPHONEOS_DEPLOYMENT_TARGET = 16.0;
				LD_RUNPATH_SEARCH_PATHS = (
					"$(inherited)",
					"@executable_path/Frameworks",
				);
				MARKETING_VERSION = 1.0;
				PRODUCT_BUNDLE_IDENTIFIER = com.zihean.CartonAssistant;
				PRODUCT_NAME = "$(TARGET_NAME)";
				SWIFT_EMIT_LOC_STRINGS = YES;
				SWIFT_VERSION = 5.0;
				TARGETED_DEVICE_FAMILY = "1,2";
			};
			name = Release;
		};
/* End XCBuildConfiguration section */

/* Begin XCConfigurationList section */
		2B65E12E2B86F5C900C8532B /* Build configuration list for PBXProject "CartonAssistant" */ = {
			isa = XCConfigurationList;
			buildConfigurations = (
				2B65E1452B86F5CA00C8532B /* Debug */,
				2B65E1462B86F5CA00C8532B /* Release */,
			);
			defaultConfigurationIsVisible = 0;
			defaultConfigurationName = Release;
		};
		2B65E1472B86F5CA00C8532B /* Build configuration list for PBXNativeTarget "CartonAssistant" */ = {
			isa = XCConfigurationList;
			buildConfigurations = (
				2B65E1482B86F5CA00C8532B /* Debug */,
				2B65E1492B86F5CA00C8532B /* Release */,
			);
			defaultConfigurationIsVisible = 0;
			defaultConfigurationName = Release;
		};
/* End XCConfigurationList section */
	};
	rootObject = 2B65E12B2B86F5C900C8532B /* Project object */;
}
